// !$*UTF8*$!
{
	archiveVersion = 1;
	classes = {
	};
	objectVersion = 56;
	objects = {

/* Begin PBXBuildFile section */
		A473C1C93AC1052A11920BF3 /* Pods_OhUnWan.framework in Frameworks */ = {isa = PBXBuildFile; fileRef = 487E8A191413DD4A9BB8A82C /* Pods_OhUnWan.framework */; };
		F113DFE82A7A2FBC00E2F1CC /* AppDelegate.swift in Sources */ = {isa = PBXBuildFile; fileRef = F113DFE72A7A2FBC00E2F1CC /* AppDelegate.swift */; };
		F113DFEA2A7A2FBC00E2F1CC /* SceneDelegate.swift in Sources */ = {isa = PBXBuildFile; fileRef = F113DFE92A7A2FBC00E2F1CC /* SceneDelegate.swift */; };
		F113DFEC2A7A2FBC00E2F1CC /* ViewController.swift in Sources */ = {isa = PBXBuildFile; fileRef = F113DFEB2A7A2FBC00E2F1CC /* ViewController.swift */; };
		F113DFEF2A7A2FBC00E2F1CC /* Main.storyboard in Resources */ = {isa = PBXBuildFile; fileRef = F113DFED2A7A2FBC00E2F1CC /* Main.storyboard */; };
		F113DFF12A7A2FBD00E2F1CC /* Assets.xcassets in Resources */ = {isa = PBXBuildFile; fileRef = F113DFF02A7A2FBD00E2F1CC /* Assets.xcassets */; };
		F113DFF42A7A2FBD00E2F1CC /* LaunchScreen.storyboard in Resources */ = {isa = PBXBuildFile; fileRef = F113DFF22A7A2FBD00E2F1CC /* LaunchScreen.storyboard */; };
		F113E0002A7A319F00E2F1CC /* LoginViewModel.swift in Sources */ = {isa = PBXBuildFile; fileRef = F113DFFF2A7A319F00E2F1CC /* LoginViewModel.swift */; };
		F113E0022A7A372B00E2F1CC /* HomeViewController.swift in Sources */ = {isa = PBXBuildFile; fileRef = F113E0012A7A372B00E2F1CC /* HomeViewController.swift */; };
		F113E0062A7A3A6300E2F1CC /* APIService.swift in Sources */ = {isa = PBXBuildFile; fileRef = F113E0052A7A3A6300E2F1CC /* APIService.swift */; };
		F113E0082A7A3ADB00E2F1CC /* LoginResponse.swift in Sources */ = {isa = PBXBuildFile; fileRef = F113E0072A7A3ADB00E2F1CC /* LoginResponse.swift */; };
		F113E00B2A7A3E2300E2F1CC /* UserPhotoCell.swift in Sources */ = {isa = PBXBuildFile; fileRef = F113E0092A7A3E2300E2F1CC /* UserPhotoCell.swift */; };
		F113E00C2A7A3E2300E2F1CC /* UserPhotoCell.xib in Resources */ = {isa = PBXBuildFile; fileRef = F113E00A2A7A3E2300E2F1CC /* UserPhotoCell.xib */; };
		F113E00E2A7CA7C200E2F1CC /* SignUpViewController.swift in Sources */ = {isa = PBXBuildFile; fileRef = F113E00D2A7CA7C200E2F1CC /* SignUpViewController.swift */; };
		F113E0102A7CA8E300E2F1CC /* SignUpViewModel.swift in Sources */ = {isa = PBXBuildFile; fileRef = F113E00F2A7CA8E300E2F1CC /* SignUpViewModel.swift */; };
		F113E0122A7CEA8400E2F1CC /* HomeViewModel.swift in Sources */ = {isa = PBXBuildFile; fileRef = F113E0112A7CEA8400E2F1CC /* HomeViewModel.swift */; };
		F132F99D2A7E26A50076F84F /* GoogleService-Info.plist in Resources */ = {isa = PBXBuildFile; fileRef = F132F99C2A7E26A50076F84F /* GoogleService-Info.plist */; };
		F132F9A02A7E2A1C0076F84F /* FirebaseAnalytics in Frameworks */ = {isa = PBXBuildFile; productRef = F132F99F2A7E2A1C0076F84F /* FirebaseAnalytics */; };
		F132F9A22A7E2A1C0076F84F /* FirebaseAuth in Frameworks */ = {isa = PBXBuildFile; productRef = F132F9A12A7E2A1C0076F84F /* FirebaseAuth */; };
		F132F9A42A7E2A1C0076F84F /* FirebaseDatabase in Frameworks */ = {isa = PBXBuildFile; productRef = F132F9A32A7E2A1C0076F84F /* FirebaseDatabase */; };
		F132F9A62A7E2A1C0076F84F /* FirebaseFirestore in Frameworks */ = {isa = PBXBuildFile; productRef = F132F9A52A7E2A1C0076F84F /* FirebaseFirestore */; };
		F132F9A82A7E2A1C0076F84F /* FirebaseStorage in Frameworks */ = {isa = PBXBuildFile; productRef = F132F9A72A7E2A1C0076F84F /* FirebaseStorage */; };
		F14784982A8F471C00FF1CD8 /* ProfileViewController.swift in Sources */ = {isa = PBXBuildFile; fileRef = F14784972A8F471C00FF1CD8 /* ProfileViewController.swift */; };
		F147849A2A8F49DA00FF1CD8 /* ProfileViewModel.swift in Sources */ = {isa = PBXBuildFile; fileRef = F14784992A8F49DA00FF1CD8 /* ProfileViewModel.swift */; };
		F147849C2A933BD900FF1CD8 /* AuthService.swift in Sources */ = {isa = PBXBuildFile; fileRef = F147849B2A933BD900FF1CD8 /* AuthService.swift */; };
		F19B33012A8C997800A7767E /* DetailViewModel.swift in Sources */ = {isa = PBXBuildFile; fileRef = F19B33002A8C997800A7767E /* DetailViewModel.swift */; };
		F19B33032A8CC3CA00A7767E /* ImageCasheManager.swift in Sources */ = {isa = PBXBuildFile; fileRef = F19B33022A8CC3CA00A7767E /* ImageCasheManager.swift */; };
		F1D887742A80CA63001138EA /* TabBarController.swift in Sources */ = {isa = PBXBuildFile; fileRef = F1D887732A80CA63001138EA /* TabBarController.swift */; };
		F1D887762A80CF04001138EA /* DetailViewController.swift in Sources */ = {isa = PBXBuildFile; fileRef = F1D887752A80CF04001138EA /* DetailViewController.swift */; };
/* End PBXBuildFile section */

/* Begin PBXFileReference section */
		207DAF2E46ADCF65F53CD8CA /* Pods-OhUnWan.release.xcconfig */ = {isa = PBXFileReference; includeInIndex = 1; lastKnownFileType = text.xcconfig; name = "Pods-OhUnWan.release.xcconfig"; path = "Target Support Files/Pods-OhUnWan/Pods-OhUnWan.release.xcconfig"; sourceTree = "<group>"; };
		487E8A191413DD4A9BB8A82C /* Pods_OhUnWan.framework */ = {isa = PBXFileReference; explicitFileType = wrapper.framework; includeInIndex = 0; path = Pods_OhUnWan.framework; sourceTree = BUILT_PRODUCTS_DIR; };
		4966801ABC01329611D251F5 /* Pods-OhUnWan.debug.xcconfig */ = {isa = PBXFileReference; includeInIndex = 1; lastKnownFileType = text.xcconfig; name = "Pods-OhUnWan.debug.xcconfig"; path = "Target Support Files/Pods-OhUnWan/Pods-OhUnWan.debug.xcconfig"; sourceTree = "<group>"; };
		F113DFE42A7A2FBC00E2F1CC /* OhUnWan.app */ = {isa = PBXFileReference; explicitFileType = wrapper.application; includeInIndex = 0; path = OhUnWan.app; sourceTree = BUILT_PRODUCTS_DIR; };
		F113DFE72A7A2FBC00E2F1CC /* AppDelegate.swift */ = {isa = PBXFileReference; lastKnownFileType = sourcecode.swift; path = AppDelegate.swift; sourceTree = "<group>"; };
		F113DFE92A7A2FBC00E2F1CC /* SceneDelegate.swift */ = {isa = PBXFileReference; lastKnownFileType = sourcecode.swift; path = SceneDelegate.swift; sourceTree = "<group>"; };
		F113DFEB2A7A2FBC00E2F1CC /* ViewController.swift */ = {isa = PBXFileReference; lastKnownFileType = sourcecode.swift; path = ViewController.swift; sourceTree = "<group>"; };
		F113DFEE2A7A2FBC00E2F1CC /* Base */ = {isa = PBXFileReference; lastKnownFileType = file.storyboard; name = Base; path = Base.lproj/Main.storyboard; sourceTree = "<group>"; };
		F113DFF02A7A2FBD00E2F1CC /* Assets.xcassets */ = {isa = PBXFileReference; lastKnownFileType = folder.assetcatalog; path = Assets.xcassets; sourceTree = "<group>"; };
		F113DFF32A7A2FBD00E2F1CC /* Base */ = {isa = PBXFileReference; lastKnownFileType = file.storyboard; name = Base; path = Base.lproj/LaunchScreen.storyboard; sourceTree = "<group>"; };
		F113DFF52A7A2FBD00E2F1CC /* Info.plist */ = {isa = PBXFileReference; lastKnownFileType = text.plist.xml; path = Info.plist; sourceTree = "<group>"; };
		F113DFFF2A7A319F00E2F1CC /* LoginViewModel.swift */ = {isa = PBXFileReference; lastKnownFileType = sourcecode.swift; path = LoginViewModel.swift; sourceTree = "<group>"; };
		F113E0012A7A372B00E2F1CC /* HomeViewController.swift */ = {isa = PBXFileReference; lastKnownFileType = sourcecode.swift; path = HomeViewController.swift; sourceTree = "<group>"; };
		F113E0052A7A3A6300E2F1CC /* APIService.swift */ = {isa = PBXFileReference; lastKnownFileType = sourcecode.swift; path = APIService.swift; sourceTree = "<group>"; };
		F113E0072A7A3ADB00E2F1CC /* LoginResponse.swift */ = {isa = PBXFileReference; lastKnownFileType = sourcecode.swift; path = LoginResponse.swift; sourceTree = "<group>"; };
		F113E0092A7A3E2300E2F1CC /* UserPhotoCell.swift */ = {isa = PBXFileReference; lastKnownFileType = sourcecode.swift; path = UserPhotoCell.swift; sourceTree = "<group>"; };
		F113E00A2A7A3E2300E2F1CC /* UserPhotoCell.xib */ = {isa = PBXFileReference; lastKnownFileType = file.xib; path = UserPhotoCell.xib; sourceTree = "<group>"; };
		F113E00D2A7CA7C200E2F1CC /* SignUpViewController.swift */ = {isa = PBXFileReference; lastKnownFileType = sourcecode.swift; path = SignUpViewController.swift; sourceTree = "<group>"; };
		F113E00F2A7CA8E300E2F1CC /* SignUpViewModel.swift */ = {isa = PBXFileReference; lastKnownFileType = sourcecode.swift; path = SignUpViewModel.swift; sourceTree = "<group>"; };
		F113E0112A7CEA8400E2F1CC /* HomeViewModel.swift */ = {isa = PBXFileReference; lastKnownFileType = sourcecode.swift; path = HomeViewModel.swift; sourceTree = "<group>"; };
		F132F99C2A7E26A50076F84F /* GoogleService-Info.plist */ = {isa = PBXFileReference; fileEncoding = 4; lastKnownFileType = text.plist.xml; path = "GoogleService-Info.plist"; sourceTree = "<group>"; };
		F14784972A8F471C00FF1CD8 /* ProfileViewController.swift */ = {isa = PBXFileReference; lastKnownFileType = sourcecode.swift; path = ProfileViewController.swift; sourceTree = "<group>"; };
		F14784992A8F49DA00FF1CD8 /* ProfileViewModel.swift */ = {isa = PBXFileReference; lastKnownFileType = sourcecode.swift; path = ProfileViewModel.swift; sourceTree = "<group>"; };
		F147849B2A933BD900FF1CD8 /* AuthService.swift */ = {isa = PBXFileReference; lastKnownFileType = sourcecode.swift; path = AuthService.swift; sourceTree = "<group>"; };
		F19B33002A8C997800A7767E /* DetailViewModel.swift */ = {isa = PBXFileReference; lastKnownFileType = sourcecode.swift; path = DetailViewModel.swift; sourceTree = "<group>"; };
		F19B33022A8CC3CA00A7767E /* ImageCasheManager.swift */ = {isa = PBXFileReference; lastKnownFileType = sourcecode.swift; path = ImageCasheManager.swift; sourceTree = "<group>"; };
		F1D887732A80CA63001138EA /* TabBarController.swift */ = {isa = PBXFileReference; lastKnownFileType = sourcecode.swift; path = TabBarController.swift; sourceTree = "<group>"; };
		F1D887752A80CF04001138EA /* DetailViewController.swift */ = {isa = PBXFileReference; lastKnownFileType = sourcecode.swift; path = DetailViewController.swift; sourceTree = "<group>"; };
/* End PBXFileReference section */

/* Begin PBXFrameworksBuildPhase section */
		F113DFE12A7A2FBC00E2F1CC /* Frameworks */ = {
			isa = PBXFrameworksBuildPhase;
			buildActionMask = 2147483647;
			files = (
				F132F9A42A7E2A1C0076F84F /* FirebaseDatabase in Frameworks */,
				F132F9A62A7E2A1C0076F84F /* FirebaseFirestore in Frameworks */,
				F132F9A02A7E2A1C0076F84F /* FirebaseAnalytics in Frameworks */,
				F132F9A82A7E2A1C0076F84F /* FirebaseStorage in Frameworks */,
				F132F9A22A7E2A1C0076F84F /* FirebaseAuth in Frameworks */,
				A473C1C93AC1052A11920BF3 /* Pods_OhUnWan.framework in Frameworks */,
			);
			runOnlyForDeploymentPostprocessing = 0;
		};
/* End PBXFrameworksBuildPhase section */

/* Begin PBXGroup section */
		260ADD14C4757FBD3F04C697 /* Pods */ = {
			isa = PBXGroup;
			children = (
				4966801ABC01329611D251F5 /* Pods-OhUnWan.debug.xcconfig */,
				207DAF2E46ADCF65F53CD8CA /* Pods-OhUnWan.release.xcconfig */,
			);
			path = Pods;
			sourceTree = "<group>";
		};
		65F57296AA643449C13BA30E /* Frameworks */ = {
			isa = PBXGroup;
			children = (
				487E8A191413DD4A9BB8A82C /* Pods_OhUnWan.framework */,
			);
			name = Frameworks;
			sourceTree = "<group>";
		};
		F113DFDB2A7A2FBC00E2F1CC = {
			isa = PBXGroup;
			children = (
				F113DFE62A7A2FBC00E2F1CC /* OhUnWan */,
				F113DFE52A7A2FBC00E2F1CC /* Products */,
				260ADD14C4757FBD3F04C697 /* Pods */,
				65F57296AA643449C13BA30E /* Frameworks */,
			);
			sourceTree = "<group>";
		};
		F113DFE52A7A2FBC00E2F1CC /* Products */ = {
			isa = PBXGroup;
			children = (
				F113DFE42A7A2FBC00E2F1CC /* OhUnWan.app */,
			);
			name = Products;
			sourceTree = "<group>";
		};
		F113DFE62A7A2FBC00E2F1CC /* OhUnWan */ = {
			isa = PBXGroup;
			children = (
				F113DFE72A7A2FBC00E2F1CC /* AppDelegate.swift */,
				F113DFE92A7A2FBC00E2F1CC /* SceneDelegate.swift */,
				F113DFFE2A7A307A00E2F1CC /* Networking */,
				F113DFFB2A7A2FD600E2F1CC /* M */,
				F113DFFD2A7A2FE700E2F1CC /* VM */,
				F113DFFC2A7A2FE100E2F1CC /* V */,
				F113DFF02A7A2FBD00E2F1CC /* Assets.xcassets */,
				F113DFF22A7A2FBD00E2F1CC /* LaunchScreen.storyboard */,
				F113DFF52A7A2FBD00E2F1CC /* Info.plist */,
				F132F99C2A7E26A50076F84F /* GoogleService-Info.plist */,
			);
			path = OhUnWan;
			sourceTree = "<group>";
		};
		F113DFFB2A7A2FD600E2F1CC /* M */ = {
			isa = PBXGroup;
			children = (
				F113E0072A7A3ADB00E2F1CC /* LoginResponse.swift */,
				F19B33022A8CC3CA00A7767E /* ImageCasheManager.swift */,
			);
			path = M;
			sourceTree = "<group>";
		};
		F113DFFC2A7A2FE100E2F1CC /* V */ = {
			isa = PBXGroup;
			children = (
				F113DFEB2A7A2FBC00E2F1CC /* ViewController.swift */,
				F113E00D2A7CA7C200E2F1CC /* SignUpViewController.swift */,
				F113E0012A7A372B00E2F1CC /* HomeViewController.swift */,
				F1D887752A80CF04001138EA /* DetailViewController.swift */,
				F14784972A8F471C00FF1CD8 /* ProfileViewController.swift */,
				F113E0092A7A3E2300E2F1CC /* UserPhotoCell.swift */,
				F113E00A2A7A3E2300E2F1CC /* UserPhotoCell.xib */,
				F113DFED2A7A2FBC00E2F1CC /* Main.storyboard */,
				F1D887732A80CA63001138EA /* TabBarController.swift */,
			);
			path = V;
			sourceTree = "<group>";
		};
		F113DFFD2A7A2FE700E2F1CC /* VM */ = {
			isa = PBXGroup;
			children = (
				F113DFFF2A7A319F00E2F1CC /* LoginViewModel.swift */,
				F113E0112A7CEA8400E2F1CC /* HomeViewModel.swift */,
				F113E00F2A7CA8E300E2F1CC /* SignUpViewModel.swift */,
				F19B33002A8C997800A7767E /* DetailViewModel.swift */,
				F14784992A8F49DA00FF1CD8 /* ProfileViewModel.swift */,
			);
			path = VM;
			sourceTree = "<group>";
		};
		F113DFFE2A7A307A00E2F1CC /* Networking */ = {
			isa = PBXGroup;
			children = (
				F113E0052A7A3A6300E2F1CC /* APIService.swift */,
				F147849B2A933BD900FF1CD8 /* AuthService.swift */,
			);
			path = Networking;
			sourceTree = "<group>";
		};
/* End PBXGroup section */

/* Begin PBXNativeTarget section */
		F113DFE32A7A2FBC00E2F1CC /* OhUnWan */ = {
			isa = PBXNativeTarget;
			buildConfigurationList = F113DFF82A7A2FBD00E2F1CC /* Build configuration list for PBXNativeTarget "OhUnWan" */;
			buildPhases = (
				648EABF08A05B81FDB82784F /* [CP] Check Pods Manifest.lock */,
				F113DFE02A7A2FBC00E2F1CC /* Sources */,
				F113DFE12A7A2FBC00E2F1CC /* Frameworks */,
				F113DFE22A7A2FBC00E2F1CC /* Resources */,
				D07F3E2A993D5D6A05FA4FD0 /* [CP] Embed Pods Frameworks */,
			);
			buildRules = (
			);
			dependencies = (
			);
			name = OhUnWan;
			packageProductDependencies = (
				F132F99F2A7E2A1C0076F84F /* FirebaseAnalytics */,
				F132F9A12A7E2A1C0076F84F /* FirebaseAuth */,
				F132F9A32A7E2A1C0076F84F /* FirebaseDatabase */,
				F132F9A52A7E2A1C0076F84F /* FirebaseFirestore */,
				F132F9A72A7E2A1C0076F84F /* FirebaseStorage */,
			);
			productName = OhUnWan;
			productReference = F113DFE42A7A2FBC00E2F1CC /* OhUnWan.app */;
			productType = "com.apple.product-type.application";
		};
/* End PBXNativeTarget section */

/* Begin PBXProject section */
		F113DFDC2A7A2FBC00E2F1CC /* Project object */ = {
			isa = PBXProject;
			attributes = {
				BuildIndependentTargetsInParallel = 1;
				LastSwiftUpdateCheck = 1430;
				LastUpgradeCheck = 1430;
				TargetAttributes = {
					F113DFE32A7A2FBC00E2F1CC = {
						CreatedOnToolsVersion = 14.3.1;
					};
				};
			};
			buildConfigurationList = F113DFDF2A7A2FBC00E2F1CC /* Build configuration list for PBXProject "OhUnWan" */;
			compatibilityVersion = "Xcode 14.0";
			developmentRegion = en;
			hasScannedForEncodings = 0;
			knownRegions = (
				en,
				Base,
			);
			mainGroup = F113DFDB2A7A2FBC00E2F1CC;
			packageReferences = (
				F132F99E2A7E2A1C0076F84F /* XCRemoteSwiftPackageReference "firebase-ios-sdk" */,
			);
			productRefGroup = F113DFE52A7A2FBC00E2F1CC /* Products */;
			projectDirPath = "";
			projectRoot = "";
			targets = (
				F113DFE32A7A2FBC00E2F1CC /* OhUnWan */,
			);
		};
/* End PBXProject section */

/* Begin PBXResourcesBuildPhase section */
		F113DFE22A7A2FBC00E2F1CC /* Resources */ = {
			isa = PBXResourcesBuildPhase;
			buildActionMask = 2147483647;
			files = (
				F113DFF42A7A2FBD00E2F1CC /* LaunchScreen.storyboard in Resources */,
				F113DFF12A7A2FBD00E2F1CC /* Assets.xcassets in Resources */,
				F132F99D2A7E26A50076F84F /* GoogleService-Info.plist in Resources */,
				F113DFEF2A7A2FBC00E2F1CC /* Main.storyboard in Resources */,
				F113E00C2A7A3E2300E2F1CC /* UserPhotoCell.xib in Resources */,
			);
			runOnlyForDeploymentPostprocessing = 0;
		};
/* End PBXResourcesBuildPhase section */

/* Begin PBXShellScriptBuildPhase section */
		648EABF08A05B81FDB82784F /* [CP] Check Pods Manifest.lock */ = {
			isa = PBXShellScriptBuildPhase;
			buildActionMask = 2147483647;
			files = (
			);
			inputFileListPaths = (
			);
			inputPaths = (
				"${PODS_PODFILE_DIR_PATH}/Podfile.lock",
				"${PODS_ROOT}/Manifest.lock",
			);
			name = "[CP] Check Pods Manifest.lock";
			outputFileListPaths = (
			);
			outputPaths = (
				"$(DERIVED_FILE_DIR)/Pods-OhUnWan-checkManifestLockResult.txt",
			);
			runOnlyForDeploymentPostprocessing = 0;
			shellPath = /bin/sh;
			shellScript = "diff \"${PODS_PODFILE_DIR_PATH}/Podfile.lock\" \"${PODS_ROOT}/Manifest.lock\" > /dev/null\nif [ $? != 0 ] ; then\n    # print error to STDERR\n    echo \"error: The sandbox is not in sync with the Podfile.lock. Run 'pod install' or update your CocoaPods installation.\" >&2\n    exit 1\nfi\n# This output is used by Xcode 'outputs' to avoid re-running this script phase.\necho \"SUCCESS\" > \"${SCRIPT_OUTPUT_FILE_0}\"\n";
			showEnvVarsInLog = 0;
		};
		D07F3E2A993D5D6A05FA4FD0 /* [CP] Embed Pods Frameworks */ = {
			isa = PBXShellScriptBuildPhase;
			buildActionMask = 2147483647;
			files = (
			);
			inputFileListPaths = (
				"${PODS_ROOT}/Target Support Files/Pods-OhUnWan/Pods-OhUnWan-frameworks-${CONFIGURATION}-input-files.xcfilelist",
			);
			name = "[CP] Embed Pods Frameworks";
			outputFileListPaths = (
				"${PODS_ROOT}/Target Support Files/Pods-OhUnWan/Pods-OhUnWan-frameworks-${CONFIGURATION}-output-files.xcfilelist",
			);
			runOnlyForDeploymentPostprocessing = 0;
			shellPath = /bin/sh;
			shellScript = "\"${PODS_ROOT}/Target Support Files/Pods-OhUnWan/Pods-OhUnWan-frameworks.sh\"\n";
			showEnvVarsInLog = 0;
		};
/* End PBXShellScriptBuildPhase section */

/* Begin PBXSourcesBuildPhase section */
		F113DFE02A7A2FBC00E2F1CC /* Sources */ = {
			isa = PBXSourcesBuildPhase;
			buildActionMask = 2147483647;
			files = (
				F1D887762A80CF04001138EA /* DetailViewController.swift in Sources */,
				F113E0022A7A372B00E2F1CC /* HomeViewController.swift in Sources */,
				F113E0122A7CEA8400E2F1CC /* HomeViewModel.swift in Sources */,
				F147849C2A933BD900FF1CD8 /* AuthService.swift in Sources */,
				F113E0002A7A319F00E2F1CC /* LoginViewModel.swift in Sources */,
				F113E00B2A7A3E2300E2F1CC /* UserPhotoCell.swift in Sources */,
				F113E00E2A7CA7C200E2F1CC /* SignUpViewController.swift in Sources */,
				F113DFEC2A7A2FBC00E2F1CC /* ViewController.swift in Sources */,
				F14784982A8F471C00FF1CD8 /* ProfileViewController.swift in Sources */,
				F113DFE82A7A2FBC00E2F1CC /* AppDelegate.swift in Sources */,
				F19B33032A8CC3CA00A7767E /* ImageCasheManager.swift in Sources */,
				F113DFEA2A7A2FBC00E2F1CC /* SceneDelegate.swift in Sources */,
				F19B33012A8C997800A7767E /* DetailViewModel.swift in Sources */,
				F113E0082A7A3ADB00E2F1CC /* LoginResponse.swift in Sources */,
				F147849A2A8F49DA00FF1CD8 /* ProfileViewModel.swift in Sources */,
				F1D887742A80CA63001138EA /* TabBarController.swift in Sources */,
				F113E0102A7CA8E300E2F1CC /* SignUpViewModel.swift in Sources */,
				F113E0062A7A3A6300E2F1CC /* APIService.swift in Sources */,
			);
			runOnlyForDeploymentPostprocessing = 0;
		};
/* End PBXSourcesBuildPhase section */

/* Begin PBXVariantGroup section */
		F113DFED2A7A2FBC00E2F1CC /* Main.storyboard */ = {
			isa = PBXVariantGroup;
			children = (
				F113DFEE2A7A2FBC00E2F1CC /* Base */,
			);
			name = Main.storyboard;
			sourceTree = "<group>";
		};
		F113DFF22A7A2FBD00E2F1CC /* LaunchScreen.storyboard */ = {
			isa = PBXVariantGroup;
			children = (
				F113DFF32A7A2FBD00E2F1CC /* Base */,
			);
			name = LaunchScreen.storyboard;
			sourceTree = "<group>";
		};
/* End PBXVariantGroup section */

/* Begin XCBuildConfiguration section */
		F113DFF62A7A2FBD00E2F1CC /* Debug */ = {
			isa = XCBuildConfiguration;
			buildSettings = {
				ALWAYS_SEARCH_USER_PATHS = NO;
				CLANG_ANALYZER_NONNULL = YES;
				CLANG_ANALYZER_NUMBER_OBJECT_CONVERSION = YES_AGGRESSIVE;
				CLANG_CXX_LANGUAGE_STANDARD = "gnu++20";
				CLANG_ENABLE_MODULES = YES;
				CLANG_ENABLE_OBJC_ARC = YES;
				CLANG_ENABLE_OBJC_WEAK = YES;
				CLANG_WARN_BLOCK_CAPTURE_AUTORELEASING = YES;
				CLANG_WARN_BOOL_CONVERSION = YES;
				CLANG_WARN_COMMA = YES;
				CLANG_WARN_CONSTANT_CONVERSION = YES;
				CLANG_WARN_DEPRECATED_OBJC_IMPLEMENTATIONS = YES;
				CLANG_WARN_DIRECT_OBJC_ISA_USAGE = YES_ERROR;
				CLANG_WARN_DOCUMENTATION_COMMENTS = YES;
				CLANG_WARN_EMPTY_BODY = YES;
				CLANG_WARN_ENUM_CONVERSION = YES;
				CLANG_WARN_INFINITE_RECURSION = YES;
				CLANG_WARN_INT_CONVERSION = YES;
				CLANG_WARN_NON_LITERAL_NULL_CONVERSION = YES;
				CLANG_WARN_OBJC_IMPLICIT_RETAIN_SELF = YES;
				CLANG_WARN_OBJC_LITERAL_CONVERSION = YES;
				CLANG_WARN_OBJC_ROOT_CLASS = YES_ERROR;
				CLANG_WARN_QUOTED_INCLUDE_IN_FRAMEWORK_HEADER = YES;
				CLANG_WARN_RANGE_LOOP_ANALYSIS = YES;
				CLANG_WARN_STRICT_PROTOTYPES = YES;
				CLANG_WARN_SUSPICIOUS_MOVE = YES;
				CLANG_WARN_UNGUARDED_AVAILABILITY = YES_AGGRESSIVE;
				CLANG_WARN_UNREACHABLE_CODE = YES;
				CLANG_WARN__DUPLICATE_METHOD_MATCH = YES;
				COPY_PHASE_STRIP = NO;
				DEBUG_INFORMATION_FORMAT = dwarf;
				ENABLE_STRICT_OBJC_MSGSEND = YES;
				ENABLE_TESTABILITY = YES;
				GCC_C_LANGUAGE_STANDARD = gnu11;
				GCC_DYNAMIC_NO_PIC = NO;
				GCC_NO_COMMON_BLOCKS = YES;
				GCC_OPTIMIZATION_LEVEL = 0;
				GCC_PREPROCESSOR_DEFINITIONS = (
					"DEBUG=1",
					"$(inherited)",
				);
				GCC_WARN_64_TO_32_BIT_CONVERSION = YES;
				GCC_WARN_ABOUT_RETURN_TYPE = YES_ERROR;
				GCC_WARN_UNDECLARED_SELECTOR = YES;
				GCC_WARN_UNINITIALIZED_AUTOS = YES_AGGRESSIVE;
				GCC_WARN_UNUSED_FUNCTION = YES;
				GCC_WARN_UNUSED_VARIABLE = YES;
				IPHONEOS_DEPLOYMENT_TARGET = 16.4;
				MTL_ENABLE_DEBUG_INFO = INCLUDE_SOURCE;
				MTL_FAST_MATH = YES;
				ONLY_ACTIVE_ARCH = YES;
				SDKROOT = iphoneos;
				SWIFT_ACTIVE_COMPILATION_CONDITIONS = DEBUG;
				SWIFT_OPTIMIZATION_LEVEL = "-Onone";
			};
			name = Debug;
		};
		F113DFF72A7A2FBD00E2F1CC /* Release */ = {
			isa = XCBuildConfiguration;
			buildSettings = {
				ALWAYS_SEARCH_USER_PATHS = NO;
				CLANG_ANALYZER_NONNULL = YES;
				CLANG_ANALYZER_NUMBER_OBJECT_CONVERSION = YES_AGGRESSIVE;
				CLANG_CXX_LANGUAGE_STANDARD = "gnu++20";
				CLANG_ENABLE_MODULES = YES;
				CLANG_ENABLE_OBJC_ARC = YES;
				CLANG_ENABLE_OBJC_WEAK = YES;
				CLANG_WARN_BLOCK_CAPTURE_AUTORELEASING = YES;
				CLANG_WARN_BOOL_CONVERSION = YES;
				CLANG_WARN_COMMA = YES;
				CLANG_WARN_CONSTANT_CONVERSION = YES;
				CLANG_WARN_DEPRECATED_OBJC_IMPLEMENTATIONS = YES;
				CLANG_WARN_DIRECT_OBJC_ISA_USAGE = YES_ERROR;
				CLANG_WARN_DOCUMENTATION_COMMENTS = YES;
				CLANG_WARN_EMPTY_BODY = YES;
				CLANG_WARN_ENUM_CONVERSION = YES;
				CLANG_WARN_INFINITE_RECURSION = YES;
				CLANG_WARN_INT_CONVERSION = YES;
				CLANG_WARN_NON_LITERAL_NULL_CONVERSION = YES;
				CLANG_WARN_OBJC_IMPLICIT_RETAIN_SELF = YES;
				CLANG_WARN_OBJC_LITERAL_CONVERSION = YES;
				CLANG_WARN_OBJC_ROOT_CLASS = YES_ERROR;
				CLANG_WARN_QUOTED_INCLUDE_IN_FRAMEWORK_HEADER = YES;
				CLANG_WARN_RANGE_LOOP_ANALYSIS = YES;
				CLANG_WARN_STRICT_PROTOTYPES = YES;
				CLANG_WARN_SUSPICIOUS_MOVE = YES;
				CLANG_WARN_UNGUARDED_AVAILABILITY = YES_AGGRESSIVE;
				CLANG_WARN_UNREACHABLE_CODE = YES;
				CLANG_WARN__DUPLICATE_METHOD_MATCH = YES;
				COPY_PHASE_STRIP = NO;
				DEBUG_INFORMATION_FORMAT = "dwarf-with-dsym";
				ENABLE_NS_ASSERTIONS = NO;
				ENABLE_STRICT_OBJC_MSGSEND = YES;
				GCC_C_LANGUAGE_STANDARD = gnu11;
				GCC_NO_COMMON_BLOCKS = YES;
				GCC_WARN_64_TO_32_BIT_CONVERSION = YES;
				GCC_WARN_ABOUT_RETURN_TYPE = YES_ERROR;
				GCC_WARN_UNDECLARED_SELECTOR = YES;
				GCC_WARN_UNINITIALIZED_AUTOS = YES_AGGRESSIVE;
				GCC_WARN_UNUSED_FUNCTION = YES;
				GCC_WARN_UNUSED_VARIABLE = YES;
				IPHONEOS_DEPLOYMENT_TARGET = 16.4;
				MTL_ENABLE_DEBUG_INFO = NO;
				MTL_FAST_MATH = YES;
				SDKROOT = iphoneos;
				SWIFT_COMPILATION_MODE = wholemodule;
				SWIFT_OPTIMIZATION_LEVEL = "-O";
				VALIDATE_PRODUCT = YES;
			};
			name = Release;
		};
		F113DFF92A7A2FBD00E2F1CC /* Debug */ = {
			isa = XCBuildConfiguration;
			baseConfigurationReference = 4966801ABC01329611D251F5 /* Pods-OhUnWan.debug.xcconfig */;
			buildSettings = {
				ASSETCATALOG_COMPILER_APPICON_NAME = AppIcon;
				ASSETCATALOG_COMPILER_GLOBAL_ACCENT_COLOR_NAME = AccentColor;
				CODE_SIGN_STYLE = Automatic;
				CURRENT_PROJECT_VERSION = 1;
				DEVELOPMENT_TEAM = 3UT66NAZ7F;
				GENERATE_INFOPLIST_FILE = YES;
				INFOPLIST_FILE = OhUnWan/Info.plist;
				INFOPLIST_KEY_UIApplicationSupportsIndirectInputEvents = YES;
				INFOPLIST_KEY_UILaunchStoryboardName = LaunchScreen;
				INFOPLIST_KEY_UIMainStoryboardFile = Main;
				INFOPLIST_KEY_UISupportedInterfaceOrientations_iPad = "UIInterfaceOrientationPortrait UIInterfaceOrientationPortraitUpsideDown UIInterfaceOrientationLandscapeLeft UIInterfaceOrientationLandscapeRight";
				INFOPLIST_KEY_UISupportedInterfaceOrientations_iPhone = "UIInterfaceOrientationPortrait UIInterfaceOrientationLandscapeLeft UIInterfaceOrientationLandscapeRight";
				LD_RUNPATH_SEARCH_PATHS = (
					"$(inherited)",
					"@executable_path/Frameworks",
				);
				MARKETING_VERSION = 1.0;
				PRODUCT_BUNDLE_IDENTIFIER = com.HONG.OhUnWan;
				PRODUCT_NAME = "$(TARGET_NAME)";
				SWIFT_EMIT_LOC_STRINGS = YES;
				SWIFT_VERSION = 5.0;
				TARGETED_DEVICE_FAMILY = "1,2";
			};
			name = Debug;
		};
		F113DFFA2A7A2FBD00E2F1CC /* Release */ = {
			isa = XCBuildConfiguration;
			baseConfigurationReference = 207DAF2E46ADCF65F53CD8CA /* Pods-OhUnWan.release.xcconfig */;
			buildSettings = {
				ASSETCATALOG_COMPILER_APPICON_NAME = AppIcon;
				ASSETCATALOG_COMPILER_GLOBAL_ACCENT_COLOR_NAME = AccentColor;
				CODE_SIGN_STYLE = Automatic;
				CURRENT_PROJECT_VERSION = 1;
				DEVELOPMENT_TEAM = 3UT66NAZ7F;
				GENERATE_INFOPLIST_FILE = YES;
				INFOPLIST_FILE = OhUnWan/Info.plist;
				INFOPLIST_KEY_UIApplicationSupportsIndirectInputEvents = YES;
				INFOPLIST_KEY_UILaunchStoryboardName = LaunchScreen;
				INFOPLIST_KEY_UIMainStoryboardFile = Main;
				INFOPLIST_KEY_UISupportedInterfaceOrientations_iPad = "UIInterfaceOrientationPortrait UIInterfaceOrientationPortraitUpsideDown UIInterfaceOrientationLandscapeLeft UIInterfaceOrientationLandscapeRight";
				INFOPLIST_KEY_UISupportedInterfaceOrientations_iPhone = "UIInterfaceOrientationPortrait UIInterfaceOrientationLandscapeLeft UIInterfaceOrientationLandscapeRight";
				LD_RUNPATH_SEARCH_PATHS = (
					"$(inherited)",
					"@executable_path/Frameworks",
				);
				MARKETING_VERSION = 1.0;
				PRODUCT_BUNDLE_IDENTIFIER = com.HONG.OhUnWan;
				PRODUCT_NAME = "$(TARGET_NAME)";
				SWIFT_EMIT_LOC_STRINGS = YES;
				SWIFT_VERSION = 5.0;
				TARGETED_DEVICE_FAMILY = "1,2";
			};
			name = Release;
		};
/* End XCBuildConfiguration section */

/* Begin XCConfigurationList section */
		F113DFDF2A7A2FBC00E2F1CC /* Build configuration list for PBXProject "OhUnWan" */ = {
			isa = XCConfigurationList;
			buildConfigurations = (
				F113DFF62A7A2FBD00E2F1CC /* Debug */,
				F113DFF72A7A2FBD00E2F1CC /* Release */,
			);
			defaultConfigurationIsVisible = 0;
			defaultConfigurationName = Release;
		};
		F113DFF82A7A2FBD00E2F1CC /* Build configuration list for PBXNativeTarget "OhUnWan" */ = {
			isa = XCConfigurationList;
			buildConfigurations = (
				F113DFF92A7A2FBD00E2F1CC /* Debug */,
				F113DFFA2A7A2FBD00E2F1CC /* Release */,
			);
			defaultConfigurationIsVisible = 0;
			defaultConfigurationName = Release;
		};
/* End XCConfigurationList section */

/* Begin XCRemoteSwiftPackageReference section */
		F132F99E2A7E2A1C0076F84F /* XCRemoteSwiftPackageReference "firebase-ios-sdk" */ = {
			isa = XCRemoteSwiftPackageReference;
			repositoryURL = "https://github.com/firebase/firebase-ios-sdk";
			requirement = {
				kind = upToNextMajorVersion;
				minimumVersion = 10.0.0;
			};
		};
/* End XCRemoteSwiftPackageReference section */

/* Begin XCSwiftPackageProductDependency section */
		F132F99F2A7E2A1C0076F84F /* FirebaseAnalytics */ = {
			isa = XCSwiftPackageProductDependency;
			package = F132F99E2A7E2A1C0076F84F /* XCRemoteSwiftPackageReference "firebase-ios-sdk" */;
			productName = FirebaseAnalytics;
		};
		F132F9A12A7E2A1C0076F84F /* FirebaseAuth */ = {
			isa = XCSwiftPackageProductDependency;
			package = F132F99E2A7E2A1C0076F84F /* XCRemoteSwiftPackageReference "firebase-ios-sdk" */;
			productName = FirebaseAuth;
		};
		F132F9A32A7E2A1C0076F84F /* FirebaseDatabase */ = {
			isa = XCSwiftPackageProductDependency;
			package = F132F99E2A7E2A1C0076F84F /* XCRemoteSwiftPackageReference "firebase-ios-sdk" */;
			productName = FirebaseDatabase;
		};
		F132F9A52A7E2A1C0076F84F /* FirebaseFirestore */ = {
			isa = XCSwiftPackageProductDependency;
			package = F132F99E2A7E2A1C0076F84F /* XCRemoteSwiftPackageReference "firebase-ios-sdk" */;
			productName = FirebaseFirestore;
		};
		F132F9A72A7E2A1C0076F84F /* FirebaseStorage */ = {
			isa = XCSwiftPackageProductDependency;
			package = F132F99E2A7E2A1C0076F84F /* XCRemoteSwiftPackageReference "firebase-ios-sdk" */;
			productName = FirebaseStorage;
		};
/* End XCSwiftPackageProductDependency section */
	};
	rootObject = F113DFDC2A7A2FBC00E2F1CC /* Project object */;
}
